
Microsoft Visual Studio Solution File, Format Version 12.00
# Visual Studio Version 16
VisualStudioVersion = 16.0.29806.167
MinimumVisualStudioVersion = 10.0.40219.1
Project("{9A19103F-16F7-4668-BE54-9A1E7A4F7556}") = "PromotionEngine", "PromotionEngine.csproj", "{9C38A31A-CCAF-472B-AFFC-97551DD8C81A}"
EndProject
Project("{9A19103F-16F7-4668-BE54-9A1E7A4F7556}") = "PromotionEngine.Tests", "..\PromotionEngineTests\PromotionEngine.Tests.csproj", "{46ED845E-2FB9-4AC4-B069-96B372DE3D2F}"
EndProject
Global
	GlobalSection(SolutionConfigurationPlatforms) = preSolution
		Debug|Any CPU = Debug|Any CPU
		Release|Any CPU = Release|Any CPU
	EndGlobalSection
	GlobalSection(ProjectConfigurationPlatforms) = postSolution
		{9C38A31A-CCAF-472B-AFFC-97551DD8C81A}.Debug|Any CPU.ActiveCfg = Debug|Any CPU
		{9C38A31A-CCAF-472B-AFFC-97551DD8C81A}.Debug|Any CPU.Build.0 = Debug|Any CPU
		{9C38A31A-CCAF-472B-AFFC-97551DD8C81A}.Release|Any CPU.ActiveCfg = Release|Any CPU
		{9C38A31A-CCAF-472B-AFFC-97551DD8C81A}.Release|Any CPU.Build.0 = Release|Any CPU
		{46ED845E-2FB9-4AC4-B069-96B372DE3D2F}.Debug|Any CPU.ActiveCfg = Debug|Any CPU
		{46ED845E-2FB9-4AC4-B069-96B372DE3D2F}.Debug|Any CPU.Build.0 = Debug|Any CPU
		{46ED845E-2FB9-4AC4-B069-96B372DE3D2F}.Release|Any CPU.ActiveCfg = Release|Any CPU
		{46ED845E-2FB9-4AC4-B069-96B372DE3D2F}.Release|Any CPU.Build.0 = Release|Any CPU
	EndGlobalSection
	GlobalSection(SolutionProperties) = preSolution
		HideSolutionNode = FALSE
	EndGlobalSection
	GlobalSection(ExtensibilityGlobals) = postSolution
		SolutionGuid = {BAC89EE1-E6AA-4351-90A1-CDAFBCF75C32}
	EndGlobalSection
EndGlobal
